
Microsoft Visual Studio Solution File, Format Version 12.00
# Visual Studio Version 16
VisualStudioVersion = 16.0.29519.181
MinimumVisualStudioVersion = 10.0.40219.1
Project("{FAE04EC0-301F-11D3-BF4B-00C04F79EFBC}") = "Shrek2-LiveSplit", "Shrek2-LiveSplit.csproj", "{D482C2BE-9AF6-4F93-ACF8-05A93CCB6C6B}"
EndProject
Global
	GlobalSection(SolutionConfigurationPlatforms) = preSolution
		Debug|Any CPU = Debug|Any CPU
		Release|Any CPU = Release|Any CPU
	EndGlobalSection
	GlobalSection(ProjectConfigurationPlatforms) = postSolution
		{D482C2BE-9AF6-4F93-ACF8-05A93CCB6C6B}.Debug|Any CPU.ActiveCfg = Debug|Any CPU
		{D482C2BE-9AF6-4F93-ACF8-05A93CCB6C6B}.Debug|Any CPU.Build.0 = Debug|Any CPU
		{D482C2BE-9AF6-4F93-ACF8-05A93CCB6C6B}.Release|Any CPU.ActiveCfg = Release|Any CPU
		{D482C2BE-9AF6-4F93-ACF8-05A93CCB6C6B}.Release|Any CPU.Build.0 = Release|Any CPU
	EndGlobalSection
	GlobalSection(SolutionProperties) = preSolution
		HideSolutionNode = FALSE
	EndGlobalSection
	GlobalSection(ExtensibilityGlobals) = postSolution
		SolutionGuid = {EDFEC8BA-0429-46DE-A5FA-3A1E2845C9BB}
	EndGlobalSection
EndGlobal
